
Microsoft Visual Studio Solution File, Format Version 12.00
# Visual Studio Version 16
VisualStudioVersion = 16.0.31911.196
MinimumVisualStudioVersion = 10.0.40219.1
Project("{FAE04EC0-301F-11D3-BF4B-00C04F79EFBC}") = "WindowsFormsApp1", "WindowsFormsApp1\WindowsFormsApp1.csproj", "{07488F6F-581F-41FA-9F23-11CCDDF1C21F}"
EndProject
Global
	GlobalSection(SolutionConfigurationPlatforms) = preSolution
		Debug|Any CPU = Debug|Any CPU
		Release|Any CPU = Release|Any CPU
	EndGlobalSection
	GlobalSection(ProjectConfigurationPlatforms) = postSolution
		{07488F6F-581F-41FA-9F23-11CCDDF1C21F}.Debug|Any CPU.ActiveCfg = Debug|Any CPU
		{07488F6F-581F-41FA-9F23-11CCDDF1C21F}.Debug|Any CPU.Build.0 = Debug|Any CPU
		{07488F6F-581F-41FA-9F23-11CCDDF1C21F}.Release|Any CPU.ActiveCfg = Release|Any CPU
		{07488F6F-581F-41FA-9F23-11CCDDF1C21F}.Release|Any CPU.Build.0 = Release|Any CPU
	EndGlobalSection
	GlobalSection(SolutionProperties) = preSolution
		HideSolutionNode = FALSE
	EndGlobalSection
	GlobalSection(ExtensibilityGlobals) = postSolution
		SolutionGuid = {200E0046-0508-485C-AFBB-724B91EA5B70}
	EndGlobalSection
EndGlobal
